{
  "name": "ist",
  "version": "0.1.0",
  "lockfileVersion": 2,
  "requires": true,
  "packages": {
    "": {
      "name": "ist",
      "dependencies": {
        "@dnd-kit/core": "^6.0.5",
        "@dnd-kit/sortable": "^7.0.1"
      }
    },
    "node_modules/@dnd-kit/accessibility": {
      "version": "3.0.1",
      "resolved": "https://registry.npmjs.org/@dnd-kit/accessibility/-/accessibility-3.0.1.tgz",
      "integrity": "sha512-HXRrwS9YUYQO9lFRc/49uO/VICbM+O+ZRpFDe9Pd1rwVv2PCNkRiTZRdxrDgng/UkvdC3Re9r2vwPpXXrWeFzg==",
      "dependencies": {
        "tslib": "^2.0.0"
      },
      "peerDependencies": {
        "react": ">=16.8.0"
      }
    },
    "node_modules/@dnd-kit/core": {
      "version": "6.0.5",
      "resolved": "https://registry.npmjs.org/@dnd-kit/core/-/core-6.0.5.tgz",
      "integrity": "sha512-3nL+Zy5cT+1XwsWdlXIvGIFvbuocMyB4NBxTN74DeBaBqeWdH9JsnKwQv7buZQgAHmAH+eIENfS1ginkvW6bCw==",
      "dependencies": {
        "@dnd-kit/accessibility": "^3.0.0",
        "@dnd-kit/utilities": "^3.2.0",
        "tslib": "^2.0.0"
      },
      "peerDependencies": {
        "react": ">=16.8.0",
        "react-dom": ">=16.8.0"
      }
    },
    "node_modules/@dnd-kit/sortable": {
      "version": "7.0.1",
      "resolved": "https://registry.npmjs.org/@dnd-kit/sortable/-/sortable-7.0.1.tgz",
      "integrity": "sha512-n77qAzJQtMMywu25sJzhz3gsHnDOUlEjTtnRl8A87rWIhnu32zuP+7zmFjwGgvqfXmRufqiHOSlH7JPC/tnJ8Q==",
      "dependencies": {
        "@dnd-kit/utilities": "^3.2.0",
        "tslib": "^2.0.0"
      },
      "peerDependencies": {
        "@dnd-kit/core": "^6.0.4",
        "react": ">=16.8.0"
      }
    },
    "node_modules/@dnd-kit/utilities": {
      "version": "3.2.0",
      "resolved": "https://registry.npmjs.org/@dnd-kit/utilities/-/utilities-3.2.0.tgz",
      "integrity": "sha512-h65/pn2IPCCIWwdlR2BMLqRkDxpTEONA+HQW3n765HBijLYGyrnTCLa2YQt8VVjjSQD6EfFlTE6aS2Q/b6nb2g==",
      "dependencies": {
        "tslib": "^2.0.0"
      },
      "peerDependencies": {
        "react": ">=16.8.0"
      }
    },
    "node_modules/js-tokens": {
      "version": "4.0.0",
      "resolved": "https://registry.npmjs.org/js-tokens/-/js-tokens-4.0.0.tgz",
      "integrity": "sha512-RdJUflcE3cUzKiMqQgsCu06FPu9UdIJO0beYbPhHN4k6apgJtifcoCtT9bcxOpYBtpD2kCM6Sbzg4CausW/PKQ==",
      "peer": true
    },
    "node_modules/loose-envify": {
      "version": "1.4.0",
      "resolved": "https://registry.npmjs.org/loose-envify/-/loose-envify-1.4.0.tgz",
      "integrity": "sha512-lyuxPGr/Wfhrlem2CL/UcnUc1zcqKAImBDzukY7Y5F/yQiNdko6+fRLevlw1HgMySw7f611UIY408EtxRSoK3Q==",
      "peer": true,
      "dependencies": {
        "js-tokens": "^3.0.0 || ^4.0.0"
      },
      "bin": {
        "loose-envify": "cli.js"
      }
    },
    "node_modules/react": {
      "version": "18.2.0",
      "resolved": "https://registry.npmjs.org/react/-/react-18.2.0.tgz",
      "integrity": "sha512-/3IjMdb2L9QbBdWiW5e3P2/npwMBaU9mHCSCUzNln0ZCYbcfTsGbTJrU/kGemdH2IWmB2ioZ+zkxtmq6g09fGQ==",
      "peer": true,
      "dependencies": {
        "loose-envify": "^1.1.0"
      },
      "engines": {
        "node": ">=0.10.0"
      }
    },
    "node_modules/react-dom": {
      "version": "18.2.0",
      "resolved": "https://registry.npmjs.org/react-dom/-/react-dom-18.2.0.tgz",
      "integrity": "sha512-6IMTriUmvsjHUjNtEDudZfuDQUoWXVxKHhlEGSk81n4YFS+r/Kl99wXiwlVXtPBtJenozv2P+hxDsw9eA7Xo6g==",
      "peer": true,
      "dependencies": {
        "loose-envify": "^1.1.0",
        "scheduler": "^0.23.0"
      },
      "peerDependencies": {
        "react": "^18.2.0"
      }
    },
    "node_modules/scheduler": {
      "version": "0.23.0",
      "resolved": "https://registry.npmjs.org/scheduler/-/scheduler-0.23.0.tgz",
      "integrity": "sha512-CtuThmgHNg7zIZWAXi3AsyIzA3n4xx7aNyjwC2VJldO2LMVDhFK+63xGqq6CsJH4rTAt6/M+N4GhZiDYPx9eUw==",
      "peer": true,
      "dependencies": {
        "loose-envify": "^1.1.0"
      }
    },
    "node_modules/tslib": {
      "version": "2.4.0",
      "resolved": "https://registry.npmjs.org/tslib/-/tslib-2.4.0.tgz",
      "integrity": "sha512-d6xOpEDfsi2CZVlPQzGeux8XMwLT9hssAsaPYExaQMuYskwb+x1x7J371tWlbBdWHroy99KnVB6qIkUbs5X3UQ=="
    }
  },
  "dependencies": {
    "@dnd-kit/accessibility": {
      "version": "3.0.1",
      "resolved": "https://registry.npmjs.org/@dnd-kit/accessibility/-/accessibility-3.0.1.tgz",
      "integrity": "sha512-HXRrwS9YUYQO9lFRc/49uO/VICbM+O+ZRpFDe9Pd1rwVv2PCNkRiTZRdxrDgng/UkvdC3Re9r2vwPpXXrWeFzg==",
      "requires": {
        "tslib": "^2.0.0"
      }
    },
    "@dnd-kit/core": {
      "version": "6.0.5",
      "resolved": "https://registry.npmjs.org/@dnd-kit/core/-/core-6.0.5.tgz",
      "integrity": "sha512-3nL+Zy5cT+1XwsWdlXIvGIFvbuocMyB4NBxTN74DeBaBqeWdH9JsnKwQv7buZQgAHmAH+eIENfS1ginkvW6bCw==",
      "requires": {
        "@dnd-kit/accessibility": "^3.0.0",
        "@dnd-kit/utilities": "^3.2.0",
        "tslib": "^2.0.0"
      }
    },
    "@dnd-kit/sortable": {
      "version": "7.0.1",
      "resolved": "https://registry.npmjs.org/@dnd-kit/sortable/-/sortable-7.0.1.tgz",
      "integrity": "sha512-n77qAzJQtMMywu25sJzhz3gsHnDOUlEjTtnRl8A87rWIhnu32zuP+7zmFjwGgvqfXmRufqiHOSlH7JPC/tnJ8Q==",
      "requires": {
        "@dnd-kit/utilities": "^3.2.0",
        "tslib": "^2.0.0"
      }
    },
    "@dnd-kit/utilities": {
      "version": "3.2.0",
      "resolved": "https://registry.npmjs.org/@dnd-kit/utilities/-/utilities-3.2.0.tgz",
      "integrity": "sha512-h65/pn2IPCCIWwdlR2BMLqRkDxpTEONA+HQW3n765HBijLYGyrnTCLa2YQt8VVjjSQD6EfFlTE6aS2Q/b6nb2g==",
      "requires": {
        "tslib": "^2.0.0"
      }
    },
    "js-tokens": {
      "version": "4.0.0",
      "resolved": "https://registry.npmjs.org/js-tokens/-/js-tokens-4.0.0.tgz",
      "integrity": "sha512-RdJUflcE3cUzKiMqQgsCu06FPu9UdIJO0beYbPhHN4k6apgJtifcoCtT9bcxOpYBtpD2kCM6Sbzg4CausW/PKQ==",
      "peer": true
    },
    "loose-envify": {
      "version": "1.4.0",
      "resolved": "https://registry.npmjs.org/loose-envify/-/loose-envify-1.4.0.tgz",
      "integrity": "sha512-lyuxPGr/Wfhrlem2CL/UcnUc1zcqKAImBDzukY7Y5F/yQiNdko6+fRLevlw1HgMySw7f611UIY408EtxRSoK3Q==",
      "peer": true,
      "requires": {
        "js-tokens": "^3.0.0 || ^4.0.0"
      }
    },
    "react": {
      "version": "18.2.0",
      "resolved": "https://registry.npmjs.org/react/-/react-18.2.0.tgz",
      "integrity": "sha512-/3IjMdb2L9QbBdWiW5e3P2/npwMBaU9mHCSCUzNln0ZCYbcfTsGbTJrU/kGemdH2IWmB2ioZ+zkxtmq6g09fGQ==",
      "peer": true,
      "requires": {
        "loose-envify": "^1.1.0"
      }
    },
    "react-dom": {
      "version": "18.2.0",
      "resolved": "https://registry.npmjs.org/react-dom/-/react-dom-18.2.0.tgz",
      "integrity": "sha512-6IMTriUmvsjHUjNtEDudZfuDQUoWXVxKHhlEGSk81n4YFS+r/Kl99wXiwlVXtPBtJenozv2P+hxDsw9eA7Xo6g==",
      "peer": true,
      "requires": {
        "loose-envify": "^1.1.0",
        "scheduler": "^0.23.0"
      }
    },
    "scheduler": {
      "version": "0.23.0",
      "resolved": "https://registry.npmjs.org/scheduler/-/scheduler-0.23.0.tgz",
      "integrity": "sha512-CtuThmgHNg7zIZWAXi3AsyIzA3n4xx7aNyjwC2VJldO2LMVDhFK+63xGqq6CsJH4rTAt6/M+N4GhZiDYPx9eUw==",
      "peer": true,
      "requires": {
        "loose-envify": "^1.1.0"
      }
    },
    "tslib": {
      "version": "2.4.0",
      "resolved": "https://registry.npmjs.org/tslib/-/tslib-2.4.0.tgz",
      "integrity": "sha512-d6xOpEDfsi2CZVlPQzGeux8XMwLT9hssAsaPYExaQMuYskwb+x1x7J371tWlbBdWHroy99KnVB6qIkUbs5X3UQ=="
    }
  }
}
